PODS:
  - AFNetworking (2.6.3):
    - AFNetworking/NSURLConnection (= 2.6.3)
    - AFNetworking/NSURLSession (= 2.6.3)
    - AFNetworking/Reachability (= 2.6.3)
    - AFNetworking/Security (= 2.6.3)
    - AFNetworking/Serialization (= 2.6.3)
    - AFNetworking/UIKit (= 2.6.3)
  - AFNetworking/NSURLConnection (2.6.3):
    - AFNetworking/Reachability
    - AFNetworking/Security
    - AFNetworking/Serialization
  - AFNetworking/NSURLSession (2.6.3):
    - AFNetworking/Reachability
    - AFNetworking/Security
    - AFNetworking/Serialization
  - AFNetworking/Reachability (2.6.3)
  - AFNetworking/Security (2.6.3)
  - AFNetworking/Serialization (2.6.3)
  - AFNetworking/UIKit (2.6.3):
    - AFNetworking/NSURLConnection
    - AFNetworking/NSURLSession
  - AMap3DMap (3.3.1)
  - AMapSearch (3.2.0)
  - HappyDNS (0.2.3)
  - MBProgressHUD (0.9.2)
  - MJExtension (3.0.10)
  - MJRefresh (3.1.0)
  - Pingpp/Alipay (2.1.4):
    - Pingpp/Core
  - Pingpp/Core (2.1.4)
  - Pingpp/Wx (2.1.4):
    - Pingpp/Core
  - Qiniu (7.0.16):
    - AFNetworking (~> 2.0)
    - HappyDNS (~> 0.2)
  - RongCloudIMKit (2.4.9)
  - SDAutoLayout (1.31)
  - SDWebImage (3.7.5):
    - SDWebImage/Core (= 3.7.5)
  - SDWebImage/Core (3.7.5)

DEPENDENCIES:
  - AFNetworking
  - AMap3DMap
  - AMapSearch
  - MBProgressHUD (~> 0.8)
  - MJExtension
  - MJRefresh
  - Pingpp/Alipay (~> 2.1.0)
  - Pingpp/Wx (~> 2.1.0)
  - Qiniu (~> 7.0)
  - RongCloudIMKit
  - SDAutoLayout
  - SDWebImage

SPEC CHECKSUMS:
  AFNetworking: cb8d14a848e831097108418f5d49217339d4eb60
  AMap3DMap: 3962358ac36d17b3aaf03975ab534690f8af066f
  AMapSearch: a885f0702578a441a22cb66fa74f8918c6d19e6f
  HappyDNS: 6d85942e64c28b4fa61f8c76580398f52d6d1d11
  MBProgressHUD: 1569cf7ace17a8bac47aabfbb8580a49690386d1
  MJExtension: d86aacb740c87519d20e3cca55b6fa4be6cc7548
  MJRefresh: 743e6404967d1c2c688472ea3ecfde247d872db4
  Pingpp: 08415163eb1791bc07d7d939f1648d2e36a30eda
  Qiniu: 51a8702cddc02b50867e10cef99291b9a8a006b1
  RongCloudIMKit: e670867836deef44c0157f05b4a88107f1f5f8e6
  SDAutoLayout: 79b8977f863ba4722bb8f8f6f92981d0b8ae932a
  SDWebImage: 69c6303e3348fba97e03f65d65d4fbc26740f461

PODFILE CHECKSUM: b9bf2ded1f56e0f702088afcc7b228eb0694e77f

COCOAPODS: 1.0.0.beta.1
