// !$*UTF8*$!
{
	archiveVersion = 1;
	classes = {
	};
	objectVersion = 46;
	objects = {

/* Begin PBXBuildFile section */
		037F8DC61C8815F80057BF6C /* AppDelegate.m in Sources */ = {isa = PBXBuildFile; fileRef = 037F8DC51C8815F80057BF6C /* AppDelegate.m */; };
		037F8E141C8826750057BF6C /* YRYJFirstClassController.m in Sources */ = {isa = PBXBuildFile; fileRef = 037F8DEA1C8826750057BF6C /* YRYJFirstClassController.m */; };
		037F8E151C8826750057BF6C /* YRYJFourthClassController.m in Sources */ = {isa = PBXBuildFile; fileRef = 037F8DEC1C8826750057BF6C /* YRYJFourthClassController.m */; };
		037F8E161C8826750057BF6C /* YRYJLearnToDriveController.m in Sources */ = {isa = PBXBuildFile; fileRef = 037F8DEE1C8826750057BF6C /* YRYJLearnToDriveController.m */; };
		037F8E171C8826750057BF6C /* YRYJSecondClassController.m in Sources */ = {isa = PBXBuildFile; fileRef = 037F8DF01C8826750057BF6C /* YRYJSecondClassController.m */; };
		037F8E181C8826750057BF6C /* YRYJThirdClassController.m in Sources */ = {isa = PBXBuildFile; fileRef = 037F8DF21C8826750057BF6C /* YRYJThirdClassController.m */; };
		037F8E191C8826750057BF6C /* YRYJMenuViewController.m in Sources */ = {isa = PBXBuildFile; fileRef = 037F8DF51C8826750057BF6C /* YRYJMenuViewController.m */; };
		037F8E1A1C8826750057BF6C /* YRForgetPswViewController.m in Sources */ = {isa = PBXBuildFile; fileRef = 037F8DFF1C8826750057BF6C /* YRForgetPswViewController.m */; };
		037F8E1B1C8826750057BF6C /* YRLoginViewController.m in Sources */ = {isa = PBXBuildFile; fileRef = 037F8E011C8826750057BF6C /* YRLoginViewController.m */; };
		037F8E1C1C8826750057BF6C /* YRRegistViewController.m in Sources */ = {isa = PBXBuildFile; fileRef = 037F8E031C8826750057BF6C /* YRRegistViewController.m */; };
		037F8E1D1C8826750057BF6C /* UIButton+titleFrame.m in Sources */ = {isa = PBXBuildFile; fileRef = 037F8E061C8826750057BF6C /* UIButton+titleFrame.m */; };
		037F8E1E1C8826750057BF6C /* UIViewController+CWS.m in Sources */ = {isa = PBXBuildFile; fileRef = 037F8E081C8826750057BF6C /* UIViewController+CWS.m */; };
		037F8E1F1C8826750057BF6C /* CWSLoginTextField.m in Sources */ = {isa = PBXBuildFile; fileRef = 037F8E0B1C8826750057BF6C /* CWSLoginTextField.m */; };
		037F8E201C8826750057BF6C /* CWSPublicButton.m in Sources */ = {isa = PBXBuildFile; fileRef = 037F8E0D1C8826750057BF6C /* CWSPublicButton.m */; };
		037F8E211C8826750057BF6C /* CWSReadPolicyView.m in Sources */ = {isa = PBXBuildFile; fileRef = 037F8E0F1C8826750057BF6C /* CWSReadPolicyView.m */; };
		037F8E221C8826750057BF6C /* JKCountDownButton.m in Sources */ = {isa = PBXBuildFile; fileRef = 037F8E111C8826750057BF6C /* JKCountDownButton.m */; };
		037F8E271C8834160057BF6C /* YRRegistPswController.m in Sources */ = {isa = PBXBuildFile; fileRef = 037F8E261C8834160057BF6C /* YRRegistPswController.m */; };
		037F8E2A1C883C570057BF6C /* YRProtocolViewController.m in Sources */ = {isa = PBXBuildFile; fileRef = 037F8E291C883C570057BF6C /* YRProtocolViewController.m */; };
		037F8E2E1C88407E0057BF6C /* YRPersonalDataController.m in Sources */ = {isa = PBXBuildFile; fileRef = 037F8E2C1C88407E0057BF6C /* YRPersonalDataController.m */; };
		037F8E2F1C88407E0057BF6C /* YRPersonalDataController.xib in Resources */ = {isa = PBXBuildFile; fileRef = 037F8E2D1C88407E0057BF6C /* YRPersonalDataController.xib */; };
		1600EB3B1C87E65D001919EB /* main.m in Sources */ = {isa = PBXBuildFile; fileRef = 1600EB3A1C87E65D001919EB /* main.m */; };
		1600EB461C87E65D001919EB /* Assets.xcassets in Resources */ = {isa = PBXBuildFile; fileRef = 1600EB451C87E65D001919EB /* Assets.xcassets */; };
		1600EB491C87E65D001919EB /* LaunchScreen.storyboard in Resources */ = {isa = PBXBuildFile; fileRef = 1600EB471C87E65D001919EB /* LaunchScreen.storyboard */; };
		1600EBA11C87E8A5001919EB /* YRYJNavigationController.m in Sources */ = {isa = PBXBuildFile; fileRef = 1600EBA01C87E8A5001919EB /* YRYJNavigationController.m */; };
		1600EBC11C88087A001919EB /* RECommonFunctions.m in Sources */ = {isa = PBXBuildFile; fileRef = 1600EBA51C88087A001919EB /* RECommonFunctions.m */; };
		1600EBC21C88087A001919EB /* REFrostedContainerViewController.m in Sources */ = {isa = PBXBuildFile; fileRef = 1600EBA71C88087A001919EB /* REFrostedContainerViewController.m */; };
		1600EBC31C88087A001919EB /* REFrostedViewController.m in Sources */ = {isa = PBXBuildFile; fileRef = 1600EBA91C88087A001919EB /* REFrostedViewController.m */; };
		1600EBC41C88087A001919EB /* UIImage+REFrostedViewController.m in Sources */ = {isa = PBXBuildFile; fileRef = 1600EBAB1C88087A001919EB /* UIImage+REFrostedViewController.m */; };
		1600EBC51C88087A001919EB /* UIView+REFrostedViewController.m in Sources */ = {isa = PBXBuildFile; fileRef = 1600EBAD1C88087A001919EB /* UIView+REFrostedViewController.m */; };
		1600EBC61C88087A001919EB /* UIViewController+REFrostedViewController.m in Sources */ = {isa = PBXBuildFile; fileRef = 1600EBAF1C88087A001919EB /* UIViewController+REFrostedViewController.m */; };
		1600EBC71C88087A001919EB /* XBScrollPageController.m in Sources */ = {isa = PBXBuildFile; fileRef = 1600EBB31C88087A001919EB /* XBScrollPageController.m */; };
		1600EBC81C88087A001919EB /* XBTagTitleModel.m in Sources */ = {isa = PBXBuildFile; fileRef = 1600EBB61C88087A001919EB /* XBTagTitleModel.m */; };
		1600EBC91C88087A001919EB /* UIView+XBExtension.m in Sources */ = {isa = PBXBuildFile; fileRef = 1600EBB81C88087A001919EB /* UIView+XBExtension.m */; };
		1600EBCA1C88087A001919EB /* XBPageCell.m in Sources */ = {isa = PBXBuildFile; fileRef = 1600EBBB1C88087A001919EB /* XBPageCell.m */; };
		1600EBCB1C88087A001919EB /* XBTagTitleCell.m in Sources */ = {isa = PBXBuildFile; fileRef = 1600EBBD1C88087A001919EB /* XBTagTitleCell.m */; };
		1600EBCC1C88087A001919EB /* XBConst.m in Sources */ = {isa = PBXBuildFile; fileRef = 1600EBC01C88087A001919EB /* XBConst.m */; };
		16D096081C89236900FF4A81 /* YRUserCenterViewController.m in Sources */ = {isa = PBXBuildFile; fileRef = 16D096071C89236900FF4A81 /* YRUserCenterViewController.m */; };
		3E6442085DEAC8124A5E55C4 /* libPods.a in Frameworks */ = {isa = PBXBuildFile; fileRef = F955F842A16D32F98F195A02 /* libPods.a */; };
/* End PBXBuildFile section */

/* Begin PBXFileReference section */
		037F8DC41C8815F80057BF6C /* AppDelegate.h */ = {isa = PBXFileReference; fileEncoding = 4; lastKnownFileType = sourcecode.c.h; path = AppDelegate.h; sourceTree = "<group>"; };
		037F8DC51C8815F80057BF6C /* AppDelegate.m */ = {isa = PBXFileReference; fileEncoding = 4; lastKnownFileType = sourcecode.c.objc; path = AppDelegate.m; sourceTree = "<group>"; };
		037F8DE91C8826750057BF6C /* YRYJFirstClassController.h */ = {isa = PBXFileReference; fileEncoding = 4; lastKnownFileType = sourcecode.c.h; path = YRYJFirstClassController.h; sourceTree = "<group>"; };
		037F8DEA1C8826750057BF6C /* YRYJFirstClassController.m */ = {isa = PBXFileReference; fileEncoding = 4; lastKnownFileType = sourcecode.c.objc; path = YRYJFirstClassController.m; sourceTree = "<group>"; };
		037F8DEB1C8826750057BF6C /* YRYJFourthClassController.h */ = {isa = PBXFileReference; fileEncoding = 4; lastKnownFileType = sourcecode.c.h; path = YRYJFourthClassController.h; sourceTree = "<group>"; };
		037F8DEC1C8826750057BF6C /* YRYJFourthClassController.m */ = {isa = PBXFileReference; fileEncoding = 4; lastKnownFileType = sourcecode.c.objc; path = YRYJFourthClassController.m; sourceTree = "<group>"; };
		037F8DED1C8826750057BF6C /* YRYJLearnToDriveController.h */ = {isa = PBXFileReference; fileEncoding = 4; lastKnownFileType = sourcecode.c.h; path = YRYJLearnToDriveController.h; sourceTree = "<group>"; };
		037F8DEE1C8826750057BF6C /* YRYJLearnToDriveController.m */ = {isa = PBXFileReference; fileEncoding = 4; lastKnownFileType = sourcecode.c.objc; path = YRYJLearnToDriveController.m; sourceTree = "<group>"; };
		037F8DEF1C8826750057BF6C /* YRYJSecondClassController.h */ = {isa = PBXFileReference; fileEncoding = 4; lastKnownFileType = sourcecode.c.h; path = YRYJSecondClassController.h; sourceTree = "<group>"; };
		037F8DF01C8826750057BF6C /* YRYJSecondClassController.m */ = {isa = PBXFileReference; fileEncoding = 4; lastKnownFileType = sourcecode.c.objc; path = YRYJSecondClassController.m; sourceTree = "<group>"; };
		037F8DF11C8826750057BF6C /* YRYJThirdClassController.h */ = {isa = PBXFileReference; fileEncoding = 4; lastKnownFileType = sourcecode.c.h; path = YRYJThirdClassController.h; sourceTree = "<group>"; };
		037F8DF21C8826750057BF6C /* YRYJThirdClassController.m */ = {isa = PBXFileReference; fileEncoding = 4; lastKnownFileType = sourcecode.c.objc; path = YRYJThirdClassController.m; sourceTree = "<group>"; };
		037F8DF41C8826750057BF6C /* YRYJMenuViewController.h */ = {isa = PBXFileReference; fileEncoding = 4; lastKnownFileType = sourcecode.c.h; path = YRYJMenuViewController.h; sourceTree = "<group>"; };
		037F8DF51C8826750057BF6C /* YRYJMenuViewController.m */ = {isa = PBXFileReference; fileEncoding = 4; lastKnownFileType = sourcecode.c.objc; path = YRYJMenuViewController.m; sourceTree = "<group>"; };
		037F8DFE1C8826750057BF6C /* YRForgetPswViewController.h */ = {isa = PBXFileReference; fileEncoding = 4; lastKnownFileType = sourcecode.c.h; path = YRForgetPswViewController.h; sourceTree = "<group>"; };
		037F8DFF1C8826750057BF6C /* YRForgetPswViewController.m */ = {isa = PBXFileReference; fileEncoding = 4; lastKnownFileType = sourcecode.c.objc; path = YRForgetPswViewController.m; sourceTree = "<group>"; };
		037F8E001C8826750057BF6C /* YRLoginViewController.h */ = {isa = PBXFileReference; fileEncoding = 4; lastKnownFileType = sourcecode.c.h; path = YRLoginViewController.h; sourceTree = "<group>"; };
		037F8E011C8826750057BF6C /* YRLoginViewController.m */ = {isa = PBXFileReference; fileEncoding = 4; lastKnownFileType = sourcecode.c.objc; path = YRLoginViewController.m; sourceTree = "<group>"; };
		037F8E021C8826750057BF6C /* YRRegistViewController.h */ = {isa = PBXFileReference; fileEncoding = 4; lastKnownFileType = sourcecode.c.h; path = YRRegistViewController.h; sourceTree = "<group>"; };
		037F8E031C8826750057BF6C /* YRRegistViewController.m */ = {isa = PBXFileReference; fileEncoding = 4; lastKnownFileType = sourcecode.c.objc; path = YRRegistViewController.m; sourceTree = "<group>"; };
		037F8E051C8826750057BF6C /* UIButton+titleFrame.h */ = {isa = PBXFileReference; fileEncoding = 4; lastKnownFileType = sourcecode.c.h; path = "UIButton+titleFrame.h"; sourceTree = "<group>"; };
		037F8E061C8826750057BF6C /* UIButton+titleFrame.m */ = {isa = PBXFileReference; fileEncoding = 4; lastKnownFileType = sourcecode.c.objc; path = "UIButton+titleFrame.m"; sourceTree = "<group>"; };
		037F8E071C8826750057BF6C /* UIViewController+CWS.h */ = {isa = PBXFileReference; fileEncoding = 4; lastKnownFileType = sourcecode.c.h; path = "UIViewController+CWS.h"; sourceTree = "<group>"; };
		037F8E081C8826750057BF6C /* UIViewController+CWS.m */ = {isa = PBXFileReference; fileEncoding = 4; lastKnownFileType = sourcecode.c.objc; path = "UIViewController+CWS.m"; sourceTree = "<group>"; };
		037F8E0A1C8826750057BF6C /* CWSLoginTextField.h */ = {isa = PBXFileReference; fileEncoding = 4; lastKnownFileType = sourcecode.c.h; path = CWSLoginTextField.h; sourceTree = "<group>"; };
		037F8E0B1C8826750057BF6C /* CWSLoginTextField.m */ = {isa = PBXFileReference; fileEncoding = 4; lastKnownFileType = sourcecode.c.objc; path = CWSLoginTextField.m; sourceTree = "<group>"; };
		037F8E0C1C8826750057BF6C /* CWSPublicButton.h */ = {isa = PBXFileReference; fileEncoding = 4; lastKnownFileType = sourcecode.c.h; path = CWSPublicButton.h; sourceTree = "<group>"; };
		037F8E0D1C8826750057BF6C /* CWSPublicButton.m */ = {isa = PBXFileReference; fileEncoding = 4; lastKnownFileType = sourcecode.c.objc; path = CWSPublicButton.m; sourceTree = "<group>"; };
		037F8E0E1C8826750057BF6C /* CWSReadPolicyView.h */ = {isa = PBXFileReference; fileEncoding = 4; lastKnownFileType = sourcecode.c.h; path = CWSReadPolicyView.h; sourceTree = "<group>"; };
		037F8E0F1C8826750057BF6C /* CWSReadPolicyView.m */ = {isa = PBXFileReference; fileEncoding = 4; lastKnownFileType = sourcecode.c.objc; path = CWSReadPolicyView.m; sourceTree = "<group>"; };
		037F8E101C8826750057BF6C /* JKCountDownButton.h */ = {isa = PBXFileReference; fileEncoding = 4; lastKnownFileType = sourcecode.c.h; path = JKCountDownButton.h; sourceTree = "<group>"; };
		037F8E111C8826750057BF6C /* JKCountDownButton.m */ = {isa = PBXFileReference; fileEncoding = 4; lastKnownFileType = sourcecode.c.objc; path = JKCountDownButton.m; sourceTree = "<group>"; };
		037F8E251C8834160057BF6C /* YRRegistPswController.h */ = {isa = PBXFileReference; fileEncoding = 4; lastKnownFileType = sourcecode.c.h; path = YRRegistPswController.h; sourceTree = "<group>"; };
		037F8E261C8834160057BF6C /* YRRegistPswController.m */ = {isa = PBXFileReference; fileEncoding = 4; lastKnownFileType = sourcecode.c.objc; path = YRRegistPswController.m; sourceTree = "<group>"; };
		037F8E281C883C570057BF6C /* YRProtocolViewController.h */ = {isa = PBXFileReference; fileEncoding = 4; lastKnownFileType = sourcecode.c.h; path = YRProtocolViewController.h; sourceTree = "<group>"; };
		037F8E291C883C570057BF6C /* YRProtocolViewController.m */ = {isa = PBXFileReference; fileEncoding = 4; lastKnownFileType = sourcecode.c.objc; path = YRProtocolViewController.m; sourceTree = "<group>"; };
		037F8E2B1C88407D0057BF6C /* YRPersonalDataController.h */ = {isa = PBXFileReference; fileEncoding = 4; lastKnownFileType = sourcecode.c.h; path = YRPersonalDataController.h; sourceTree = "<group>"; };
		037F8E2C1C88407E0057BF6C /* YRPersonalDataController.m */ = {isa = PBXFileReference; fileEncoding = 4; lastKnownFileType = sourcecode.c.objc; path = YRPersonalDataController.m; sourceTree = "<group>"; };
		037F8E2D1C88407E0057BF6C /* YRPersonalDataController.xib */ = {isa = PBXFileReference; fileEncoding = 4; lastKnownFileType = file.xib; path = YRPersonalDataController.xib; sourceTree = "<group>"; };
		1600EB361C87E65D001919EB /* Everives_S.app */ = {isa = PBXFileReference; explicitFileType = wrapper.application; includeInIndex = 0; path = Everives_S.app; sourceTree = BUILT_PRODUCTS_DIR; };
		1600EB3A1C87E65D001919EB /* main.m */ = {isa = PBXFileReference; lastKnownFileType = sourcecode.c.objc; path = main.m; sourceTree = "<group>"; };
		1600EB451C87E65D001919EB /* Assets.xcassets */ = {isa = PBXFileReference; lastKnownFileType = folder.assetcatalog; path = Assets.xcassets; sourceTree = "<group>"; };
		1600EB481C87E65D001919EB /* Base */ = {isa = PBXFileReference; lastKnownFileType = file.storyboard; name = Base; path = Base.lproj/LaunchScreen.storyboard; sourceTree = "<group>"; };
		1600EB4A1C87E65D001919EB /* Info.plist */ = {isa = PBXFileReference; lastKnownFileType = text.plist.xml; path = Info.plist; sourceTree = "<group>"; };
		1600EB9F1C87E8A5001919EB /* YRYJNavigationController.h */ = {isa = PBXFileReference; fileEncoding = 4; lastKnownFileType = sourcecode.c.h; path = YRYJNavigationController.h; sourceTree = "<group>"; };
		1600EBA01C87E8A5001919EB /* YRYJNavigationController.m */ = {isa = PBXFileReference; fileEncoding = 4; lastKnownFileType = sourcecode.c.objc; path = YRYJNavigationController.m; sourceTree = "<group>"; };
		1600EBA41C88087A001919EB /* RECommonFunctions.h */ = {isa = PBXFileReference; fileEncoding = 4; lastKnownFileType = sourcecode.c.h; path = RECommonFunctions.h; sourceTree = "<group>"; };
		1600EBA51C88087A001919EB /* RECommonFunctions.m */ = {isa = PBXFileReference; fileEncoding = 4; lastKnownFileType = sourcecode.c.objc; path = RECommonFunctions.m; sourceTree = "<group>"; };
		1600EBA61C88087A001919EB /* REFrostedContainerViewController.h */ = {isa = PBXFileReference; fileEncoding = 4; lastKnownFileType = sourcecode.c.h; path = REFrostedContainerViewController.h; sourceTree = "<group>"; };
		1600EBA71C88087A001919EB /* REFrostedContainerViewController.m */ = {isa = PBXFileReference; fileEncoding = 4; lastKnownFileType = sourcecode.c.objc; path = REFrostedContainerViewController.m; sourceTree = "<group>"; };
		1600EBA81C88087A001919EB /* REFrostedViewController.h */ = {isa = PBXFileReference; fileEncoding = 4; lastKnownFileType = sourcecode.c.h; path = REFrostedViewController.h; sourceTree = "<group>"; };
		1600EBA91C88087A001919EB /* REFrostedViewController.m */ = {isa = PBXFileReference; fileEncoding = 4; lastKnownFileType = sourcecode.c.objc; path = REFrostedViewController.m; sourceTree = "<group>"; };
		1600EBAA1C88087A001919EB /* UIImage+REFrostedViewController.h */ = {isa = PBXFileReference; fileEncoding = 4; lastKnownFileType = sourcecode.c.h; path = "UIImage+REFrostedViewController.h"; sourceTree = "<group>"; };
		1600EBAB1C88087A001919EB /* UIImage+REFrostedViewController.m */ = {isa = PBXFileReference; fileEncoding = 4; lastKnownFileType = sourcecode.c.objc; path = "UIImage+REFrostedViewController.m"; sourceTree = "<group>"; };
		1600EBAC1C88087A001919EB /* UIView+REFrostedViewController.h */ = {isa = PBXFileReference; fileEncoding = 4; lastKnownFileType = sourcecode.c.h; path = "UIView+REFrostedViewController.h"; sourceTree = "<group>"; };
		1600EBAD1C88087A001919EB /* UIView+REFrostedViewController.m */ = {isa = PBXFileReference; fileEncoding = 4; lastKnownFileType = sourcecode.c.objc; path = "UIView+REFrostedViewController.m"; sourceTree = "<group>"; };
		1600EBAE1C88087A001919EB /* UIViewController+REFrostedViewController.h */ = {isa = PBXFileReference; fileEncoding = 4; lastKnownFileType = sourcecode.c.h; path = "UIViewController+REFrostedViewController.h"; sourceTree = "<group>"; };
		1600EBAF1C88087A001919EB /* UIViewController+REFrostedViewController.m */ = {isa = PBXFileReference; fileEncoding = 4; lastKnownFileType = sourcecode.c.objc; path = "UIViewController+REFrostedViewController.m"; sourceTree = "<group>"; };
		1600EBB21C88087A001919EB /* XBScrollPageController.h */ = {isa = PBXFileReference; fileEncoding = 4; lastKnownFileType = sourcecode.c.h; path = XBScrollPageController.h; sourceTree = "<group>"; };
		1600EBB31C88087A001919EB /* XBScrollPageController.m */ = {isa = PBXFileReference; fileEncoding = 4; lastKnownFileType = sourcecode.c.objc; path = XBScrollPageController.m; sourceTree = "<group>"; };
		1600EBB51C88087A001919EB /* XBTagTitleModel.h */ = {isa = PBXFileReference; fileEncoding = 4; lastKnownFileType = sourcecode.c.h; path = XBTagTitleModel.h; sourceTree = "<group>"; };
		1600EBB61C88087A001919EB /* XBTagTitleModel.m */ = {isa = PBXFileReference; fileEncoding = 4; lastKnownFileType = sourcecode.c.objc; path = XBTagTitleModel.m; sourceTree = "<group>"; };
		1600EBB71C88087A001919EB /* UIView+XBExtension.h */ = {isa = PBXFileReference; fileEncoding = 4; lastKnownFileType = sourcecode.c.h; path = "UIView+XBExtension.h"; sourceTree = "<group>"; };
		1600EBB81C88087A001919EB /* UIView+XBExtension.m */ = {isa = PBXFileReference; fileEncoding = 4; lastKnownFileType = sourcecode.c.objc; path = "UIView+XBExtension.m"; sourceTree = "<group>"; };
		1600EBBA1C88087A001919EB /* XBPageCell.h */ = {isa = PBXFileReference; fileEncoding = 4; lastKnownFileType = sourcecode.c.h; path = XBPageCell.h; sourceTree = "<group>"; };
		1600EBBB1C88087A001919EB /* XBPageCell.m */ = {isa = PBXFileReference; fileEncoding = 4; lastKnownFileType = sourcecode.c.objc; path = XBPageCell.m; sourceTree = "<group>"; };
		1600EBBC1C88087A001919EB /* XBTagTitleCell.h */ = {isa = PBXFileReference; fileEncoding = 4; lastKnownFileType = sourcecode.c.h; path = XBTagTitleCell.h; sourceTree = "<group>"; };
		1600EBBD1C88087A001919EB /* XBTagTitleCell.m */ = {isa = PBXFileReference; fileEncoding = 4; lastKnownFileType = sourcecode.c.objc; path = XBTagTitleCell.m; sourceTree = "<group>"; };
		1600EBBF1C88087A001919EB /* XBConst.h */ = {isa = PBXFileReference; fileEncoding = 4; lastKnownFileType = sourcecode.c.h; path = XBConst.h; sourceTree = "<group>"; };
		1600EBC01C88087A001919EB /* XBConst.m */ = {isa = PBXFileReference; fileEncoding = 4; lastKnownFileType = sourcecode.c.objc; path = XBConst.m; sourceTree = "<group>"; };
		1600EBCF1C8808D8001919EB /* Define.h */ = {isa = PBXFileReference; fileEncoding = 4; lastKnownFileType = sourcecode.c.h; path = Define.h; sourceTree = "<group>"; };
		1600EBD01C8808D8001919EB /* PrefixFile.pch */ = {isa = PBXFileReference; fileEncoding = 4; lastKnownFileType = sourcecode.c.h; path = PrefixFile.pch; sourceTree = "<group>"; };
		16D096061C89236900FF4A81 /* YRUserCenterViewController.h */ = {isa = PBXFileReference; fileEncoding = 4; lastKnownFileType = sourcecode.c.h; path = YRUserCenterViewController.h; sourceTree = "<group>"; };
		16D096071C89236900FF4A81 /* YRUserCenterViewController.m */ = {isa = PBXFileReference; fileEncoding = 4; lastKnownFileType = sourcecode.c.objc; path = YRUserCenterViewController.m; sourceTree = "<group>"; };
		7015813C2D65EC7400D8D9EE /* Pods.debug.xcconfig */ = {isa = PBXFileReference; includeInIndex = 1; lastKnownFileType = text.xcconfig; name = Pods.debug.xcconfig; path = "Pods/Target Support Files/Pods/Pods.debug.xcconfig"; sourceTree = "<group>"; };
		D594CBA93F4C6756E23B469B /* Pods.release.xcconfig */ = {isa = PBXFileReference; includeInIndex = 1; lastKnownFileType = text.xcconfig; name = Pods.release.xcconfig; path = "Pods/Target Support Files/Pods/Pods.release.xcconfig"; sourceTree = "<group>"; };
		F955F842A16D32F98F195A02 /* libPods.a */ = {isa = PBXFileReference; explicitFileType = archive.ar; includeInIndex = 0; path = libPods.a; sourceTree = BUILT_PRODUCTS_DIR; };
/* End PBXFileReference section */

/* Begin PBXFrameworksBuildPhase section */
		1600EB331C87E65D001919EB /* Frameworks */ = {
			isa = PBXFrameworksBuildPhase;
			buildActionMask = 2147483647;
			files = (
				3E6442085DEAC8124A5E55C4 /* libPods.a in Frameworks */,
			);
			runOnlyForDeploymentPostprocessing = 0;
		};
/* End PBXFrameworksBuildPhase section */

/* Begin PBXGroup section */
		037F8DC31C8815EE0057BF6C /* Public */ = {
			isa = PBXGroup;
			children = (
				037F8DC41C8815F80057BF6C /* AppDelegate.h */,
				037F8DC51C8815F80057BF6C /* AppDelegate.m */,
			);
			path = Public;
			sourceTree = "<group>";
		};
		037F8DDF1C8826750057BF6C /* Friend */ = {
			isa = PBXGroup;
			children = (
				037F8DE01C8826750057BF6C /* Controller */,
				037F8DE11C8826750057BF6C /* Model */,
				037F8DE21C8826750057BF6C /* View */,
			);
			name = Friend;
			path = Controller/Friend;
			sourceTree = "<group>";
		};
		037F8DE01C8826750057BF6C /* Controller */ = {
			isa = PBXGroup;
			children = (
			);
			path = Controller;
			sourceTree = "<group>";
		};
		037F8DE11C8826750057BF6C /* Model */ = {
			isa = PBXGroup;
			children = (
			);
			path = Model;
			sourceTree = "<group>";
		};
		037F8DE21C8826750057BF6C /* View */ = {
			isa = PBXGroup;
			children = (
			);
			path = View;
			sourceTree = "<group>";
		};
		037F8DE31C8826750057BF6C /* FriendCircle */ = {
			isa = PBXGroup;
			children = (
				037F8DE41C8826750057BF6C /* Controller */,
				037F8DE51C8826750057BF6C /* Model */,
				037F8DE61C8826750057BF6C /* View */,
			);
			name = FriendCircle;
			path = Controller/FriendCircle;
			sourceTree = "<group>";
		};
		037F8DE41C8826750057BF6C /* Controller */ = {
			isa = PBXGroup;
			children = (
			);
			path = Controller;
			sourceTree = "<group>";
		};
		037F8DE51C8826750057BF6C /* Model */ = {
			isa = PBXGroup;
			children = (
			);
			path = Model;
			sourceTree = "<group>";
		};
		037F8DE61C8826750057BF6C /* View */ = {
			isa = PBXGroup;
			children = (
			);
			path = View;
			sourceTree = "<group>";
		};
		037F8DE71C8826750057BF6C /* Learn */ = {
			isa = PBXGroup;
			children = (
				037F8DE81C8826750057BF6C /* Controller */,
			);
			name = Learn;
			path = Controller/Learn;
			sourceTree = "<group>";
		};
		037F8DE81C8826750057BF6C /* Controller */ = {
			isa = PBXGroup;
			children = (
				037F8DE91C8826750057BF6C /* YRYJFirstClassController.h */,
				037F8DEA1C8826750057BF6C /* YRYJFirstClassController.m */,
				037F8DEB1C8826750057BF6C /* YRYJFourthClassController.h */,
				037F8DEC1C8826750057BF6C /* YRYJFourthClassController.m */,
				037F8DED1C8826750057BF6C /* YRYJLearnToDriveController.h */,
				037F8DEE1C8826750057BF6C /* YRYJLearnToDriveController.m */,
				037F8DEF1C8826750057BF6C /* YRYJSecondClassController.h */,
				037F8DF01C8826750057BF6C /* YRYJSecondClassController.m */,
				037F8DF11C8826750057BF6C /* YRYJThirdClassController.h */,
				037F8DF21C8826750057BF6C /* YRYJThirdClassController.m */,
			);
			path = Controller;
			sourceTree = "<group>";
		};
		037F8DF31C8826750057BF6C /* Menu */ = {
			isa = PBXGroup;
			children = (
				037F8DF41C8826750057BF6C /* YRYJMenuViewController.h */,
				037F8DF51C8826750057BF6C /* YRYJMenuViewController.m */,
			);
			name = Menu;
			path = Controller/Menu;
			sourceTree = "<group>";
		};
		037F8DF61C8826750057BF6C /* Near */ = {
			isa = PBXGroup;
			children = (
			);
			name = Near;
			path = Controller/Near;
			sourceTree = "<group>";
		};
		037F8DF71C8826750057BF6C /* Setting */ = {
			isa = PBXGroup;
			children = (
				037F8DF81C8826750057BF6C /* Controller */,
				037F8DF91C8826750057BF6C /* Model */,
				037F8DFA1C8826750057BF6C /* View */,
			);
			name = Setting;
			path = Controller/Setting;
			sourceTree = "<group>";
		};
		037F8DF81C8826750057BF6C /* Controller */ = {
			isa = PBXGroup;
			children = (
			);
			path = Controller;
			sourceTree = "<group>";
		};
		037F8DF91C8826750057BF6C /* Model */ = {
			isa = PBXGroup;
			children = (
			);
			path = Model;
			sourceTree = "<group>";
		};
		037F8DFA1C8826750057BF6C /* View */ = {
			isa = PBXGroup;
			children = (
			);
			path = View;
			sourceTree = "<group>";
		};
		037F8DFB1C8826750057BF6C /* UserCenter */ = {
			isa = PBXGroup;
			children = (
				16D096061C89236900FF4A81 /* YRUserCenterViewController.h */,
				16D096071C89236900FF4A81 /* YRUserCenterViewController.m */,
				037F8DFC1C8826750057BF6C /* Controller */,
				037F8E041C8826750057BF6C /* Model */,
				037F8E091C8826750057BF6C /* View */,
			);
			name = UserCenter;
			path = Controller/UserCenter;
			sourceTree = "<group>";
		};
		037F8DFC1C8826750057BF6C /* Controller */ = {
			isa = PBXGroup;
			children = (
				037F8DFD1C8826750057BF6C /* LoginAndRegist */,
			);
			path = Controller;
			sourceTree = "<group>";
		};
		037F8DFD1C8826750057BF6C /* LoginAndRegist */ = {
			isa = PBXGroup;
			children = (
				037F8DFE1C8826750057BF6C /* YRForgetPswViewController.h */,
				037F8DFF1C8826750057BF6C /* YRForgetPswViewController.m */,
				037F8E001C8826750057BF6C /* YRLoginViewController.h */,
				037F8E011C8826750057BF6C /* YRLoginViewController.m */,
				037F8E021C8826750057BF6C /* YRRegistViewController.h */,
				037F8E031C8826750057BF6C /* YRRegistViewController.m */,
				037F8E251C8834160057BF6C /* YRRegistPswController.h */,
				037F8E261C8834160057BF6C /* YRRegistPswController.m */,
				037F8E281C883C570057BF6C /* YRProtocolViewController.h */,
				037F8E291C883C570057BF6C /* YRProtocolViewController.m */,
				037F8E2B1C88407D0057BF6C /* YRPersonalDataController.h */,
				037F8E2C1C88407E0057BF6C /* YRPersonalDataController.m */,
				037F8E2D1C88407E0057BF6C /* YRPersonalDataController.xib */,
			);
			path = LoginAndRegist;
			sourceTree = "<group>";
		};
		037F8E041C8826750057BF6C /* Model */ = {
			isa = PBXGroup;
			children = (
				037F8E051C8826750057BF6C /* UIButton+titleFrame.h */,
				037F8E061C8826750057BF6C /* UIButton+titleFrame.m */,
				037F8E071C8826750057BF6C /* UIViewController+CWS.h */,
				037F8E081C8826750057BF6C /* UIViewController+CWS.m */,
			);
			path = Model;
			sourceTree = "<group>";
		};
		037F8E091C8826750057BF6C /* View */ = {
			isa = PBXGroup;
			children = (
				037F8E0A1C8826750057BF6C /* CWSLoginTextField.h */,
				037F8E0B1C8826750057BF6C /* CWSLoginTextField.m */,
				037F8E0C1C8826750057BF6C /* CWSPublicButton.h */,
				037F8E0D1C8826750057BF6C /* CWSPublicButton.m */,
				037F8E0E1C8826750057BF6C /* CWSReadPolicyView.h */,
				037F8E0F1C8826750057BF6C /* CWSReadPolicyView.m */,
				037F8E101C8826750057BF6C /* JKCountDownButton.h */,
				037F8E111C8826750057BF6C /* JKCountDownButton.m */,
			);
			path = View;
			sourceTree = "<group>";
		};
		1600EB2D1C87E65D001919EB = {
			isa = PBXGroup;
			children = (
				1600EB381C87E65D001919EB /* Everives_S */,
				1600EB371C87E65D001919EB /* Products */,
				93071C6FE03CC05B5FFDFB38 /* Pods */,
				2CC8B102BCD83EA57176F287 /* Frameworks */,
			);
			sourceTree = "<group>";
		};
		1600EB371C87E65D001919EB /* Products */ = {
			isa = PBXGroup;
			children = (
				1600EB361C87E65D001919EB /* Everives_S.app */,
			);
			name = Products;
			sourceTree = "<group>";
		};
		1600EB381C87E65D001919EB /* Everives_S */ = {
			isa = PBXGroup;
			children = (
				037F8DC31C8815EE0057BF6C /* Public */,
				1600EBA21C88087A001919EB /* ThirdLib */,
				1600EB9E1C87E8A5001919EB /* Category */,
				1600EB551C87E7D4001919EB /* Controller */,
				1600EB391C87E65D001919EB /* Supporting Files */,
			);
			path = Everives_S;
			sourceTree = "<group>";
		};
		1600EB391C87E65D001919EB /* Supporting Files */ = {
			isa = PBXGroup;
			children = (
				1600EB451C87E65D001919EB /* Assets.xcassets */,
				1600EB471C87E65D001919EB /* LaunchScreen.storyboard */,
				1600EB4A1C87E65D001919EB /* Info.plist */,
				1600EBCF1C8808D8001919EB /* Define.h */,
				1600EBD01C8808D8001919EB /* PrefixFile.pch */,
				1600EB3A1C87E65D001919EB /* main.m */,
			);
			name = "Supporting Files";
			sourceTree = "<group>";
		};
		1600EB551C87E7D4001919EB /* Controller */ = {
			isa = PBXGroup;
			children = (
				037F8DDF1C8826750057BF6C /* Friend */,
				037F8DE31C8826750057BF6C /* FriendCircle */,
				037F8DE71C8826750057BF6C /* Learn */,
				037F8DF31C8826750057BF6C /* Menu */,
				037F8DF61C8826750057BF6C /* Near */,
				037F8DF71C8826750057BF6C /* Setting */,
				037F8DFB1C8826750057BF6C /* UserCenter */,
			);
			name = Controller;
			sourceTree = "<group>";
		};
		1600EB9E1C87E8A5001919EB /* Category */ = {
			isa = PBXGroup;
			children = (
				1600EB9F1C87E8A5001919EB /* YRYJNavigationController.h */,
				1600EBA01C87E8A5001919EB /* YRYJNavigationController.m */,
			);
			path = Category;
			sourceTree = "<group>";
		};
		1600EBA21C88087A001919EB /* ThirdLib */ = {
			isa = PBXGroup;
			children = (
				1600EBA31C88087A001919EB /* REFrostedViewController */,
				1600EBB01C88087A001919EB /* XBScrollPageController */,
			);
			path = ThirdLib;
			sourceTree = "<group>";
		};
		1600EBA31C88087A001919EB /* REFrostedViewController */ = {
			isa = PBXGroup;
			children = (
				1600EBA41C88087A001919EB /* RECommonFunctions.h */,
				1600EBA51C88087A001919EB /* RECommonFunctions.m */,
				1600EBA61C88087A001919EB /* REFrostedContainerViewController.h */,
				1600EBA71C88087A001919EB /* REFrostedContainerViewController.m */,
				1600EBA81C88087A001919EB /* REFrostedViewController.h */,
				1600EBA91C88087A001919EB /* REFrostedViewController.m */,
				1600EBAA1C88087A001919EB /* UIImage+REFrostedViewController.h */,
				1600EBAB1C88087A001919EB /* UIImage+REFrostedViewController.m */,
				1600EBAC1C88087A001919EB /* UIView+REFrostedViewController.h */,
				1600EBAD1C88087A001919EB /* UIView+REFrostedViewController.m */,
				1600EBAE1C88087A001919EB /* UIViewController+REFrostedViewController.h */,
				1600EBAF1C88087A001919EB /* UIViewController+REFrostedViewController.m */,
			);
			path = REFrostedViewController;
			sourceTree = "<group>";
		};
		1600EBB01C88087A001919EB /* XBScrollPageController */ = {
			isa = PBXGroup;
			children = (
				1600EBB11C88087A001919EB /* Controller */,
				1600EBB41C88087A001919EB /* Model */,
				1600EBB71C88087A001919EB /* UIView+XBExtension.h */,
				1600EBB81C88087A001919EB /* UIView+XBExtension.m */,
				1600EBB91C88087A001919EB /* View */,
				1600EBBE1C88087A001919EB /* XBConst */,
			);
			path = XBScrollPageController;
			sourceTree = "<group>";
		};
		1600EBB11C88087A001919EB /* Controller */ = {
			isa = PBXGroup;
			children = (
				1600EBB21C88087A001919EB /* XBScrollPageController.h */,
				1600EBB31C88087A001919EB /* XBScrollPageController.m */,
			);
			path = Controller;
			sourceTree = "<group>";
		};
		1600EBB41C88087A001919EB /* Model */ = {
			isa = PBXGroup;
			children = (
				1600EBB51C88087A001919EB /* XBTagTitleModel.h */,
				1600EBB61C88087A001919EB /* XBTagTitleModel.m */,
			);
			path = Model;
			sourceTree = "<group>";
		};
		1600EBB91C88087A001919EB /* View */ = {
			isa = PBXGroup;
			children = (
				1600EBBA1C88087A001919EB /* XBPageCell.h */,
				1600EBBB1C88087A001919EB /* XBPageCell.m */,
				1600EBBC1C88087A001919EB /* XBTagTitleCell.h */,
				1600EBBD1C88087A001919EB /* XBTagTitleCell.m */,
			);
			path = View;
			sourceTree = "<group>";
		};
		1600EBBE1C88087A001919EB /* XBConst */ = {
			isa = PBXGroup;
			children = (
				1600EBBF1C88087A001919EB /* XBConst.h */,
				1600EBC01C88087A001919EB /* XBConst.m */,
			);
			path = XBConst;
			sourceTree = "<group>";
		};
		2CC8B102BCD83EA57176F287 /* Frameworks */ = {
			isa = PBXGroup;
			children = (
				F955F842A16D32F98F195A02 /* libPods.a */,
			);
			name = Frameworks;
			sourceTree = "<group>";
		};
		93071C6FE03CC05B5FFDFB38 /* Pods */ = {
			isa = PBXGroup;
			children = (
				7015813C2D65EC7400D8D9EE /* Pods.debug.xcconfig */,
				D594CBA93F4C6756E23B469B /* Pods.release.xcconfig */,
			);
			name = Pods;
			sourceTree = "<group>";
		};
/* End PBXGroup section */

/* Begin PBXNativeTarget section */
		1600EB351C87E65D001919EB /* Everives_S */ = {
			isa = PBXNativeTarget;
			buildConfigurationList = 1600EB4D1C87E65D001919EB /* Build configuration list for PBXNativeTarget "Everives_S" */;
			buildPhases = (
				45A1D4DE1B9E45276F9115F9 /* Check Pods Manifest.lock */,
				1600EB321C87E65D001919EB /* Sources */,
				1600EB331C87E65D001919EB /* Frameworks */,
				1600EB341C87E65D001919EB /* Resources */,
				BDF61000AA7FDA9FED8B361C /* Embed Pods Frameworks */,
				5DB5C35AD366B42FD734FC01 /* Copy Pods Resources */,
			);
			buildRules = (
			);
			dependencies = (
			);
			name = Everives_S;
			productName = Everives_S;
			productReference = 1600EB361C87E65D001919EB /* Everives_S.app */;
			productType = "com.apple.product-type.application";
		};
/* End PBXNativeTarget section */

/* Begin PBXProject section */
		1600EB2E1C87E65D001919EB /* Project object */ = {
			isa = PBXProject;
			attributes = {
				CLASSPREFIX = YR;
				LastUpgradeCheck = 0720;
				ORGANIZATIONNAME = darkclouds;
				TargetAttributes = {
					1600EB351C87E65D001919EB = {
						CreatedOnToolsVersion = 7.2.1;
					};
				};
			};
			buildConfigurationList = 1600EB311C87E65D001919EB /* Build configuration list for PBXProject "Everives_S" */;
			compatibilityVersion = "Xcode 3.2";
			developmentRegion = English;
			hasScannedForEncodings = 0;
			knownRegions = (
				en,
				Base,
			);
			mainGroup = 1600EB2D1C87E65D001919EB;
			productRefGroup = 1600EB371C87E65D001919EB /* Products */;
			projectDirPath = "";
			projectRoot = "";
			targets = (
				1600EB351C87E65D001919EB /* Everives_S */,
			);
		};
/* End PBXProject section */

/* Begin PBXResourcesBuildPhase section */
		1600EB341C87E65D001919EB /* Resources */ = {
			isa = PBXResourcesBuildPhase;
			buildActionMask = 2147483647;
			files = (
				1600EB491C87E65D001919EB /* LaunchScreen.storyboard in Resources */,
				037F8E2F1C88407E0057BF6C /* YRPersonalDataController.xib in Resources */,
				1600EB461C87E65D001919EB /* Assets.xcassets in Resources */,
			);
			runOnlyForDeploymentPostprocessing = 0;
		};
/* End PBXResourcesBuildPhase section */

/* Begin PBXShellScriptBuildPhase section */
		45A1D4DE1B9E45276F9115F9 /* Check Pods Manifest.lock */ = {
			isa = PBXShellScriptBuildPhase;
			buildActionMask = 2147483647;
			files = (
			);
			inputPaths = (
			);
			name = "Check Pods Manifest.lock";
			outputPaths = (
			);
			runOnlyForDeploymentPostprocessing = 0;
			shellPath = /bin/sh;
			shellScript = "diff \"${PODS_ROOT}/../Podfile.lock\" \"${PODS_ROOT}/Manifest.lock\" > /dev/null\nif [[ $? != 0 ]] ; then\n    cat << EOM\nerror: The sandbox is not in sync with the Podfile.lock. Run 'pod install' or update your CocoaPods installation.\nEOM\n    exit 1\nfi\n";
			showEnvVarsInLog = 0;
		};
		5DB5C35AD366B42FD734FC01 /* Copy Pods Resources */ = {
			isa = PBXShellScriptBuildPhase;
			buildActionMask = 2147483647;
			files = (
			);
			inputPaths = (
			);
			name = "Copy Pods Resources";
			outputPaths = (
			);
			runOnlyForDeploymentPostprocessing = 0;
			shellPath = /bin/sh;
			shellScript = "\"${SRCROOT}/Pods/Target Support Files/Pods/Pods-resources.sh\"\n";
			showEnvVarsInLog = 0;
		};
		BDF61000AA7FDA9FED8B361C /* Embed Pods Frameworks */ = {
			isa = PBXShellScriptBuildPhase;
			buildActionMask = 2147483647;
			files = (
			);
			inputPaths = (
			);
			name = "Embed Pods Frameworks";
			outputPaths = (
			);
			runOnlyForDeploymentPostprocessing = 0;
			shellPath = /bin/sh;
			shellScript = "\"${SRCROOT}/Pods/Target Support Files/Pods/Pods-frameworks.sh\"\n";
			showEnvVarsInLog = 0;
		};
/* End PBXShellScriptBuildPhase section */

/* Begin PBXSourcesBuildPhase section */
		1600EB321C87E65D001919EB /* Sources */ = {
			isa = PBXSourcesBuildPhase;
			buildActionMask = 2147483647;
			files = (
				1600EBC81C88087A001919EB /* XBTagTitleModel.m in Sources */,
				1600EBC11C88087A001919EB /* RECommonFunctions.m in Sources */,
				1600EBCA1C88087A001919EB /* XBPageCell.m in Sources */,
				1600EBA11C87E8A5001919EB /* YRYJNavigationController.m in Sources */,
				1600EBC31C88087A001919EB /* REFrostedViewController.m in Sources */,
				037F8E1F1C8826750057BF6C /* CWSLoginTextField.m in Sources */,
				037F8E151C8826750057BF6C /* YRYJFourthClassController.m in Sources */,
				037F8E161C8826750057BF6C /* YRYJLearnToDriveController.m in Sources */,
				037F8E141C8826750057BF6C /* YRYJFirstClassController.m in Sources */,
				037F8E271C8834160057BF6C /* YRRegistPswController.m in Sources */,
				037F8E1C1C8826750057BF6C /* YRRegistViewController.m in Sources */,
				037F8DC61C8815F80057BF6C /* AppDelegate.m in Sources */,
				1600EBCC1C88087A001919EB /* XBConst.m in Sources */,
				037F8E201C8826750057BF6C /* CWSPublicButton.m in Sources */,
				037F8E2E1C88407E0057BF6C /* YRPersonalDataController.m in Sources */,
				037F8E211C8826750057BF6C /* CWSReadPolicyView.m in Sources */,
				037F8E171C8826750057BF6C /* YRYJSecondClassController.m in Sources */,
				1600EBC51C88087A001919EB /* UIView+REFrostedViewController.m in Sources */,
				037F8E2A1C883C570057BF6C /* YRProtocolViewController.m in Sources */,
				037F8E1D1C8826750057BF6C /* UIButton+titleFrame.m in Sources */,
				037F8E1A1C8826750057BF6C /* YRForgetPswViewController.m in Sources */,
				16D096081C89236900FF4A81 /* YRUserCenterViewController.m in Sources */,
				037F8E181C8826750057BF6C /* YRYJThirdClassController.m in Sources */,
				037F8E191C8826750057BF6C /* YRYJMenuViewController.m in Sources */,
				1600EB3B1C87E65D001919EB /* main.m in Sources */,
				1600EBC41C88087A001919EB /* UIImage+REFrostedViewController.m in Sources */,
				037F8E221C8826750057BF6C /* JKCountDownButton.m in Sources */,
				1600EBC21C88087A001919EB /* REFrostedContainerViewController.m in Sources */,
				037F8E1E1C8826750057BF6C /* UIViewController+CWS.m in Sources */,
				1600EBC91C88087A001919EB /* UIView+XBExtension.m in Sources */,
				1600EBC71C88087A001919EB /* XBScrollPageController.m in Sources */,
				037F8E1B1C8826750057BF6C /* YRLoginViewController.m in Sources */,
				1600EBC61C88087A001919EB /* UIViewController+REFrostedViewController.m in Sources */,
				1600EBCB1C88087A001919EB /* XBTagTitleCell.m in Sources */,
			);
			runOnlyForDeploymentPostprocessing = 0;
		};
/* End PBXSourcesBuildPhase section */

/* Begin PBXVariantGroup section */
		1600EB471C87E65D001919EB /* LaunchScreen.storyboard */ = {
			isa = PBXVariantGroup;
			children = (
				1600EB481C87E65D001919EB /* Base */,
			);
			name = LaunchScreen.storyboard;
			sourceTree = "<group>";
		};
/* End PBXVariantGroup section */

/* Begin XCBuildConfiguration section */
		1600EB4B1C87E65D001919EB /* Debug */ = {
			isa = XCBuildConfiguration;
			buildSettings = {
				ALWAYS_SEARCH_USER_PATHS = NO;
				CLANG_CXX_LANGUAGE_STANDARD = "gnu++0x";
				CLANG_CXX_LIBRARY = "libc++";
				CLANG_ENABLE_MODULES = YES;
				CLANG_ENABLE_OBJC_ARC = YES;
				CLANG_WARN_BOOL_CONVERSION = YES;
				CLANG_WARN_CONSTANT_CONVERSION = YES;
				CLANG_WARN_DIRECT_OBJC_ISA_USAGE = YES_ERROR;
				CLANG_WARN_EMPTY_BODY = YES;
				CLANG_WARN_ENUM_CONVERSION = YES;
				CLANG_WARN_INT_CONVERSION = YES;
				CLANG_WARN_OBJC_ROOT_CLASS = YES_ERROR;
				CLANG_WARN_UNREACHABLE_CODE = YES;
				CLANG_WARN__DUPLICATE_METHOD_MATCH = YES;
				"CODE_SIGN_IDENTITY[sdk=iphoneos*]" = "iPhone Developer";
				COPY_PHASE_STRIP = NO;
				DEBUG_INFORMATION_FORMAT = dwarf;
				ENABLE_STRICT_OBJC_MSGSEND = YES;
				ENABLE_TESTABILITY = YES;
				GCC_C_LANGUAGE_STANDARD = gnu99;
				GCC_DYNAMIC_NO_PIC = NO;
				GCC_NO_COMMON_BLOCKS = YES;
				GCC_OPTIMIZATION_LEVEL = 0;
				GCC_PREPROCESSOR_DEFINITIONS = (
					"DEBUG=1",
					"$(inherited)",
				);
				GCC_WARN_64_TO_32_BIT_CONVERSION = YES;
				GCC_WARN_ABOUT_RETURN_TYPE = YES_ERROR;
				GCC_WARN_UNDECLARED_SELECTOR = YES;
				GCC_WARN_UNINITIALIZED_AUTOS = YES_AGGRESSIVE;
				GCC_WARN_UNUSED_FUNCTION = YES;
				GCC_WARN_UNUSED_VARIABLE = YES;
				IPHONEOS_DEPLOYMENT_TARGET = 9.2;
				MTL_ENABLE_DEBUG_INFO = YES;
				ONLY_ACTIVE_ARCH = YES;
				SDKROOT = iphoneos;
			};
			name = Debug;
		};
		1600EB4C1C87E65D001919EB /* Release */ = {
			isa = XCBuildConfiguration;
			buildSettings = {
				ALWAYS_SEARCH_USER_PATHS = NO;
				CLANG_CXX_LANGUAGE_STANDARD = "gnu++0x";
				CLANG_CXX_LIBRARY = "libc++";
				CLANG_ENABLE_MODULES = YES;
				CLANG_ENABLE_OBJC_ARC = YES;
				CLANG_WARN_BOOL_CONVERSION = YES;
				CLANG_WARN_CONSTANT_CONVERSION = YES;
				CLANG_WARN_DIRECT_OBJC_ISA_USAGE = YES_ERROR;
				CLANG_WARN_EMPTY_BODY = YES;
				CLANG_WARN_ENUM_CONVERSION = YES;
				CLANG_WARN_INT_CONVERSION = YES;
				CLANG_WARN_OBJC_ROOT_CLASS = YES_ERROR;
				CLANG_WARN_UNREACHABLE_CODE = YES;
				CLANG_WARN__DUPLICATE_METHOD_MATCH = YES;
				"CODE_SIGN_IDENTITY[sdk=iphoneos*]" = "iPhone Developer";
				COPY_PHASE_STRIP = NO;
				DEBUG_INFORMATION_FORMAT = "dwarf-with-dsym";
				ENABLE_NS_ASSERTIONS = NO;
				ENABLE_STRICT_OBJC_MSGSEND = YES;
				GCC_C_LANGUAGE_STANDARD = gnu99;
				GCC_NO_COMMON_BLOCKS = YES;
				GCC_WARN_64_TO_32_BIT_CONVERSION = YES;
				GCC_WARN_ABOUT_RETURN_TYPE = YES_ERROR;
				GCC_WARN_UNDECLARED_SELECTOR = YES;
				GCC_WARN_UNINITIALIZED_AUTOS = YES_AGGRESSIVE;
				GCC_WARN_UNUSED_FUNCTION = YES;
				GCC_WARN_UNUSED_VARIABLE = YES;
				IPHONEOS_DEPLOYMENT_TARGET = 9.2;
				MTL_ENABLE_DEBUG_INFO = NO;
				SDKROOT = iphoneos;
				VALIDATE_PRODUCT = YES;
			};
			name = Release;
		};
		1600EB4E1C87E65D001919EB /* Debug */ = {
			isa = XCBuildConfiguration;
			baseConfigurationReference = 7015813C2D65EC7400D8D9EE /* Pods.debug.xcconfig */;
			buildSettings = {
				ASSETCATALOG_COMPILER_APPICON_NAME = AppIcon;
				ASSETCATALOG_COMPILER_LAUNCHIMAGE_NAME = "Brand Assets";
				GCC_PRECOMPILE_PREFIX_HEADER = YES;
				GCC_PREFIX_HEADER = Everives_S/PrefixFile.pch;
				INFOPLIST_FILE = Everives_S/Info.plist;
				IPHONEOS_DEPLOYMENT_TARGET = 7.0;
				LD_RUNPATH_SEARCH_PATHS = "$(inherited) @executable_path/Frameworks";
				PRODUCT_BUNDLE_IDENTIFIER = "workspace.Everives-S";
				PRODUCT_NAME = "$(TARGET_NAME)";
			};
			name = Debug;
		};
		1600EB4F1C87E65D001919EB /* Release */ = {
			isa = XCBuildConfiguration;
			baseConfigurationReference = D594CBA93F4C6756E23B469B /* Pods.release.xcconfig */;
			buildSettings = {
				ASSETCATALOG_COMPILER_APPICON_NAME = AppIcon;
				ASSETCATALOG_COMPILER_LAUNCHIMAGE_NAME = "Brand Assets";
				GCC_PRECOMPILE_PREFIX_HEADER = YES;
				GCC_PREFIX_HEADER = Everives_S/PrefixFile.pch;
				INFOPLIST_FILE = Everives_S/Info.plist;
				IPHONEOS_DEPLOYMENT_TARGET = 7.0;
				LD_RUNPATH_SEARCH_PATHS = "$(inherited) @executable_path/Frameworks";
				PRODUCT_BUNDLE_IDENTIFIER = "workspace.Everives-S";
				PRODUCT_NAME = "$(TARGET_NAME)";
			};
			name = Release;
		};
/* End XCBuildConfiguration section */

/* Begin XCConfigurationList section */
		1600EB311C87E65D001919EB /* Build configuration list for PBXProject "Everives_S" */ = {
			isa = XCConfigurationList;
			buildConfigurations = (
				1600EB4B1C87E65D001919EB /* Debug */,
				1600EB4C1C87E65D001919EB /* Release */,
			);
			defaultConfigurationIsVisible = 0;
			defaultConfigurationName = Release;
		};
		1600EB4D1C87E65D001919EB /* Build configuration list for PBXNativeTarget "Everives_S" */ = {
			isa = XCConfigurationList;
			buildConfigurations = (
				1600EB4E1C87E65D001919EB /* Debug */,
				1600EB4F1C87E65D001919EB /* Release */,
			);
			defaultConfigurationIsVisible = 0;
			defaultConfigurationName = Release;
		};
/* End XCConfigurationList section */
	};
	rootObject = 1600EB2E1C87E65D001919EB /* Project object */;
}
